
Microsoft Visual Studio Solution File, Format Version 12.00
# Visual Studio Version 16
VisualStudioVersion = 16.0.31112.23
MinimumVisualStudioVersion = 10.0.40219.1
Project("{FAE04EC0-301F-11D3-BF4B-00C04F79EFBC}") = "Movie manager", "Movie manager\Movie manager.csproj", "{F106AAAD-AC65-41FF-9610-F37412893866}"
EndProject
Global
	GlobalSection(SolutionConfigurationPlatforms) = preSolution
		Debug|Any CPU = Debug|Any CPU
		Release|Any CPU = Release|Any CPU
	EndGlobalSection
	GlobalSection(ProjectConfigurationPlatforms) = postSolution
		{F106AAAD-AC65-41FF-9610-F37412893866}.Debug|Any CPU.ActiveCfg = Debug|Any CPU
		{F106AAAD-AC65-41FF-9610-F37412893866}.Debug|Any CPU.Build.0 = Debug|Any CPU
		{F106AAAD-AC65-41FF-9610-F37412893866}.Release|Any CPU.ActiveCfg = Release|Any CPU
		{F106AAAD-AC65-41FF-9610-F37412893866}.Release|Any CPU.Build.0 = Release|Any CPU
	EndGlobalSection
	GlobalSection(SolutionProperties) = preSolution
		HideSolutionNode = FALSE
	EndGlobalSection
	GlobalSection(ExtensibilityGlobals) = postSolution
		SolutionGuid = {7FD3426C-9E5A-4BC6-8ED3-665344B32A35}
	EndGlobalSection
EndGlobal
